
Microsoft Visual Studio Solution File, Format Version 12.00
# Visual Studio Version 17
VisualStudioVersion = 17.6.33712.159
MinimumVisualStudioVersion = 10.0.40219.1
Project("{9A19103F-16F7-4668-BE54-9A1E7A4F7556}") = "Healt_Food.Server", "Healt_Food\Server\Healt_Food.Server.csproj", "{DE50CBD8-21BE-4FB0-A735-94B39C847DA5}"
EndProject
Project("{9A19103F-16F7-4668-BE54-9A1E7A4F7556}") = "Healt_Food.Client", "Healt_Food\Client\Healt_Food.Client.csproj", "{A95BED19-C862-40C3-9F3D-991B00AAC30C}"
EndProject
Project("{9A19103F-16F7-4668-BE54-9A1E7A4F7556}") = "Healt_Food.Shared", "Healt_Food\Shared\Healt_Food.Shared.csproj", "{5A79759A-B8EF-4351-A506-836ABC702E20}"
EndProject
Global
	GlobalSection(SolutionConfigurationPlatforms) = preSolution
		Debug|Any CPU = Debug|Any CPU
		Release|Any CPU = Release|Any CPU
	EndGlobalSection
	GlobalSection(ProjectConfigurationPlatforms) = postSolution
		{DE50CBD8-21BE-4FB0-A735-94B39C847DA5}.Debug|Any CPU.ActiveCfg = Debug|Any CPU
		{DE50CBD8-21BE-4FB0-A735-94B39C847DA5}.Debug|Any CPU.Build.0 = Debug|Any CPU
		{DE50CBD8-21BE-4FB0-A735-94B39C847DA5}.Release|Any CPU.ActiveCfg = Release|Any CPU
		{DE50CBD8-21BE-4FB0-A735-94B39C847DA5}.Release|Any CPU.Build.0 = Release|Any CPU
		{A95BED19-C862-40C3-9F3D-991B00AAC30C}.Debug|Any CPU.ActiveCfg = Debug|Any CPU
		{A95BED19-C862-40C3-9F3D-991B00AAC30C}.Debug|Any CPU.Build.0 = Debug|Any CPU
		{A95BED19-C862-40C3-9F3D-991B00AAC30C}.Release|Any CPU.ActiveCfg = Release|Any CPU
		{A95BED19-C862-40C3-9F3D-991B00AAC30C}.Release|Any CPU.Build.0 = Release|Any CPU
		{5A79759A-B8EF-4351-A506-836ABC702E20}.Debug|Any CPU.ActiveCfg = Debug|Any CPU
		{5A79759A-B8EF-4351-A506-836ABC702E20}.Debug|Any CPU.Build.0 = Debug|Any CPU
		{5A79759A-B8EF-4351-A506-836ABC702E20}.Release|Any CPU.ActiveCfg = Release|Any CPU
		{5A79759A-B8EF-4351-A506-836ABC702E20}.Release|Any CPU.Build.0 = Release|Any CPU
	EndGlobalSection
	GlobalSection(SolutionProperties) = preSolution
		HideSolutionNode = FALSE
	EndGlobalSection
	GlobalSection(ExtensibilityGlobals) = postSolution
		SolutionGuid = {4B0545B0-9EC5-42B9-8B8B-927514CDD059}
	EndGlobalSection
EndGlobal
